
Microsoft Visual Studio Solution File, Format Version 12.00
# Visual Studio Version 17
VisualStudioVersion = 17.0.31903.59
MinimumVisualStudioVersion = 10.0.40219.1
Project("{2150E333-8FDC-42A3-9474-1A3956D46DE8}") = "src", "src", "{827E0CD3-B72D-47B6-A68D-7590B98EB39B}"
EndProject
Project("{FAE04EC0-301F-11D3-BF4B-00C04F79EFBC}") = "Docling.Core", "src\Docling.Core\Docling.Core.csproj", "{D5EB595C-4D92-404E-ABC8-D6CABE1DBE59}"
EndProject
Project("{FAE04EC0-301F-11D3-BF4B-00C04F79EFBC}") = "Docling.Backends", "src\Docling.Backends\Docling.Backends.csproj", "{37C5EF1B-B1C4-4AB0-AD82-756B2AC09EA0}"
EndProject
Project("{FAE04EC0-301F-11D3-BF4B-00C04F79EFBC}") = "Docling.Pipelines", "src\Docling.Pipelines\Docling.Pipelines.csproj", "{A3A909AB-72BD-4A90-BF68-4BB4E4959F5F}"
EndProject
Project("{FAE04EC0-301F-11D3-BF4B-00C04F79EFBC}") = "Docling.Export", "src\Docling.Export\Docling.Export.csproj", "{0C71D9FF-446A-4AF3-8189-6A3CA14EA05F}"
EndProject
Project("{FAE04EC0-301F-11D3-BF4B-00C04F79EFBC}") = "Docling.Models", "src\Docling.Models\Docling.Models.csproj", "{91644F7E-2571-4231-9A79-FBDFA41C3C12}"
EndProject
Project("{FAE04EC0-301F-11D3-BF4B-00C04F79EFBC}") = "Docling.Tooling", "src\Docling.Tooling\Docling.Tooling.csproj", "{F62B3BAF-1D09-4F37-A759-18CAF0A49412}"
EndProject
Project("{FAE04EC0-301F-11D3-BF4B-00C04F79EFBC}") = "Docling.Tests", "tests\Docling.Tests\Docling.Tests.csproj", "{8286379F-2307-45D3-8E13-A435E946035D}"
EndProject
Global
	GlobalSection(SolutionConfigurationPlatforms) = preSolution
		Debug|Any CPU = Debug|Any CPU
		Debug|x64 = Debug|x64
		Debug|x86 = Debug|x86
		Release|Any CPU = Release|Any CPU
		Release|x64 = Release|x64
		Release|x86 = Release|x86
	EndGlobalSection
	GlobalSection(ProjectConfigurationPlatforms) = postSolution
		{D5EB595C-4D92-404E-ABC8-D6CABE1DBE59}.Debug|Any CPU.ActiveCfg = Debug|Any CPU
		{D5EB595C-4D92-404E-ABC8-D6CABE1DBE59}.Debug|Any CPU.Build.0 = Debug|Any CPU
		{D5EB595C-4D92-404E-ABC8-D6CABE1DBE59}.Debug|x64.ActiveCfg = Debug|Any CPU
		{D5EB595C-4D92-404E-ABC8-D6CABE1DBE59}.Debug|x64.Build.0 = Debug|Any CPU
		{D5EB595C-4D92-404E-ABC8-D6CABE1DBE59}.Debug|x86.ActiveCfg = Debug|Any CPU
		{D5EB595C-4D92-404E-ABC8-D6CABE1DBE59}.Debug|x86.Build.0 = Debug|Any CPU
		{D5EB595C-4D92-404E-ABC8-D6CABE1DBE59}.Release|Any CPU.ActiveCfg = Release|Any CPU
		{D5EB595C-4D92-404E-ABC8-D6CABE1DBE59}.Release|Any CPU.Build.0 = Release|Any CPU
		{D5EB595C-4D92-404E-ABC8-D6CABE1DBE59}.Release|x64.ActiveCfg = Release|Any CPU
		{D5EB595C-4D92-404E-ABC8-D6CABE1DBE59}.Release|x64.Build.0 = Release|Any CPU
		{D5EB595C-4D92-404E-ABC8-D6CABE1DBE59}.Release|x86.ActiveCfg = Release|Any CPU
		{D5EB595C-4D92-404E-ABC8-D6CABE1DBE59}.Release|x86.Build.0 = Release|Any CPU
		{37C5EF1B-B1C4-4AB0-AD82-756B2AC09EA0}.Debug|Any CPU.ActiveCfg = Debug|Any CPU
		{37C5EF1B-B1C4-4AB0-AD82-756B2AC09EA0}.Debug|Any CPU.Build.0 = Debug|Any CPU
		{37C5EF1B-B1C4-4AB0-AD82-756B2AC09EA0}.Debug|x64.ActiveCfg = Debug|Any CPU
		{37C5EF1B-B1C4-4AB0-AD82-756B2AC09EA0}.Debug|x64.Build.0 = Debug|Any CPU
		{37C5EF1B-B1C4-4AB0-AD82-756B2AC09EA0}.Debug|x86.ActiveCfg = Debug|Any CPU
		{37C5EF1B-B1C4-4AB0-AD82-756B2AC09EA0}.Debug|x86.Build.0 = Debug|Any CPU
		{37C5EF1B-B1C4-4AB0-AD82-756B2AC09EA0}.Release|Any CPU.ActiveCfg = Release|Any CPU
		{37C5EF1B-B1C4-4AB0-AD82-756B2AC09EA0}.Release|Any CPU.Build.0 = Release|Any CPU
		{37C5EF1B-B1C4-4AB0-AD82-756B2AC09EA0}.Release|x64.ActiveCfg = Release|Any CPU
		{37C5EF1B-B1C4-4AB0-AD82-756B2AC09EA0}.Release|x64.Build.0 = Release|Any CPU
		{37C5EF1B-B1C4-4AB0-AD82-756B2AC09EA0}.Release|x86.ActiveCfg = Release|Any CPU
		{37C5EF1B-B1C4-4AB0-AD82-756B2AC09EA0}.Release|x86.Build.0 = Release|Any CPU
		{A3A909AB-72BD-4A90-BF68-4BB4E4959F5F}.Debug|Any CPU.ActiveCfg = Debug|Any CPU
		{A3A909AB-72BD-4A90-BF68-4BB4E4959F5F}.Debug|Any CPU.Build.0 = Debug|Any CPU
		{A3A909AB-72BD-4A90-BF68-4BB4E4959F5F}.Debug|x64.ActiveCfg = Debug|Any CPU
		{A3A909AB-72BD-4A90-BF68-4BB4E4959F5F}.Debug|x64.Build.0 = Debug|Any CPU
		{A3A909AB-72BD-4A90-BF68-4BB4E4959F5F}.Debug|x86.ActiveCfg = Debug|Any CPU
		{A3A909AB-72BD-4A90-BF68-4BB4E4959F5F}.Debug|x86.Build.0 = Debug|Any CPU
		{A3A909AB-72BD-4A90-BF68-4BB4E4959F5F}.Release|Any CPU.ActiveCfg = Release|Any CPU
		{A3A909AB-72BD-4A90-BF68-4BB4E4959F5F}.Release|Any CPU.Build.0 = Release|Any CPU
		{A3A909AB-72BD-4A90-BF68-4BB4E4959F5F}.Release|x64.ActiveCfg = Release|Any CPU
		{A3A909AB-72BD-4A90-BF68-4BB4E4959F5F}.Release|x64.Build.0 = Release|Any CPU
		{A3A909AB-72BD-4A90-BF68-4BB4E4959F5F}.Release|x86.ActiveCfg = Release|Any CPU
		{A3A909AB-72BD-4A90-BF68-4BB4E4959F5F}.Release|x86.Build.0 = Release|Any CPU
		{0C71D9FF-446A-4AF3-8189-6A3CA14EA05F}.Debug|Any CPU.ActiveCfg = Debug|Any CPU
		{0C71D9FF-446A-4AF3-8189-6A3CA14EA05F}.Debug|Any CPU.Build.0 = Debug|Any CPU
		{0C71D9FF-446A-4AF3-8189-6A3CA14EA05F}.Debug|x64.ActiveCfg = Debug|Any CPU
		{0C71D9FF-446A-4AF3-8189-6A3CA14EA05F}.Debug|x64.Build.0 = Debug|Any CPU
		{0C71D9FF-446A-4AF3-8189-6A3CA14EA05F}.Debug|x86.ActiveCfg = Debug|Any CPU
		{0C71D9FF-446A-4AF3-8189-6A3CA14EA05F}.Debug|x86.Build.0 = Debug|Any CPU
		{0C71D9FF-446A-4AF3-8189-6A3CA14EA05F}.Release|Any CPU.ActiveCfg = Release|Any CPU
		{0C71D9FF-446A-4AF3-8189-6A3CA14EA05F}.Release|Any CPU.Build.0 = Release|Any CPU
		{0C71D9FF-446A-4AF3-8189-6A3CA14EA05F}.Release|x64.ActiveCfg = Release|Any CPU
		{0C71D9FF-446A-4AF3-8189-6A3CA14EA05F}.Release|x64.Build.0 = Release|Any CPU
		{0C71D9FF-446A-4AF3-8189-6A3CA14EA05F}.Release|x86.ActiveCfg = Release|Any CPU
		{0C71D9FF-446A-4AF3-8189-6A3CA14EA05F}.Release|x86.Build.0 = Release|Any CPU
		{91644F7E-2571-4231-9A79-FBDFA41C3C12}.Debug|Any CPU.ActiveCfg = Debug|Any CPU
		{91644F7E-2571-4231-9A79-FBDFA41C3C12}.Debug|Any CPU.Build.0 = Debug|Any CPU
		{91644F7E-2571-4231-9A79-FBDFA41C3C12}.Debug|x64.ActiveCfg = Debug|Any CPU
		{91644F7E-2571-4231-9A79-FBDFA41C3C12}.Debug|x64.Build.0 = Debug|Any CPU
		{91644F7E-2571-4231-9A79-FBDFA41C3C12}.Debug|x86.ActiveCfg = Debug|Any CPU
		{91644F7E-2571-4231-9A79-FBDFA41C3C12}.Debug|x86.Build.0 = Debug|Any CPU
		{91644F7E-2571-4231-9A79-FBDFA41C3C12}.Release|Any CPU.ActiveCfg = Release|Any CPU
		{91644F7E-2571-4231-9A79-FBDFA41C3C12}.Release|Any CPU.Build.0 = Release|Any CPU
		{91644F7E-2571-4231-9A79-FBDFA41C3C12}.Release|x64.ActiveCfg = Release|Any CPU
		{91644F7E-2571-4231-9A79-FBDFA41C3C12}.Release|x64.Build.0 = Release|Any CPU
		{91644F7E-2571-4231-9A79-FBDFA41C3C12}.Release|x86.ActiveCfg = Release|Any CPU
		{91644F7E-2571-4231-9A79-FBDFA41C3C12}.Release|x86.Build.0 = Release|Any CPU
		{F62B3BAF-1D09-4F37-A759-18CAF0A49412}.Debug|Any CPU.ActiveCfg = Debug|Any CPU
		{F62B3BAF-1D09-4F37-A759-18CAF0A49412}.Debug|Any CPU.Build.0 = Debug|Any CPU
		{F62B3BAF-1D09-4F37-A759-18CAF0A49412}.Debug|x64.ActiveCfg = Debug|Any CPU
		{F62B3BAF-1D09-4F37-A759-18CAF0A49412}.Debug|x64.Build.0 = Debug|Any CPU
		{F62B3BAF-1D09-4F37-A759-18CAF0A49412}.Debug|x86.ActiveCfg = Debug|Any CPU
		{F62B3BAF-1D09-4F37-A759-18CAF0A49412}.Debug|x86.Build.0 = Debug|Any CPU
		{F62B3BAF-1D09-4F37-A759-18CAF0A49412}.Release|Any CPU.ActiveCfg = Release|Any CPU
		{F62B3BAF-1D09-4F37-A759-18CAF0A49412}.Release|Any CPU.Build.0 = Release|Any CPU
		{F62B3BAF-1D09-4F37-A759-18CAF0A49412}.Release|x64.ActiveCfg = Release|Any CPU
		{F62B3BAF-1D09-4F37-A759-18CAF0A49412}.Release|x64.Build.0 = Release|Any CPU
		{F62B3BAF-1D09-4F37-A759-18CAF0A49412}.Release|x86.ActiveCfg = Release|Any CPU
		{F62B3BAF-1D09-4F37-A759-18CAF0A49412}.Release|x86.Build.0 = Release|Any CPU
		{8286379F-2307-45D3-8E13-A435E946035D}.Debug|Any CPU.ActiveCfg = Debug|Any CPU
		{8286379F-2307-45D3-8E13-A435E946035D}.Debug|Any CPU.Build.0 = Debug|Any CPU
		{8286379F-2307-45D3-8E13-A435E946035D}.Debug|x64.ActiveCfg = Debug|Any CPU
		{8286379F-2307-45D3-8E13-A435E946035D}.Debug|x64.Build.0 = Debug|Any CPU
		{8286379F-2307-45D3-8E13-A435E946035D}.Debug|x86.ActiveCfg = Debug|Any CPU
		{8286379F-2307-45D3-8E13-A435E946035D}.Debug|x86.Build.0 = Debug|Any CPU
		{8286379F-2307-45D3-8E13-A435E946035D}.Release|Any CPU.ActiveCfg = Release|Any CPU
		{8286379F-2307-45D3-8E13-A435E946035D}.Release|Any CPU.Build.0 = Release|Any CPU
		{8286379F-2307-45D3-8E13-A435E946035D}.Release|x64.ActiveCfg = Release|Any CPU
		{8286379F-2307-45D3-8E13-A435E946035D}.Release|x64.Build.0 = Release|Any CPU
		{8286379F-2307-45D3-8E13-A435E946035D}.Release|x86.ActiveCfg = Release|Any CPU
		{8286379F-2307-45D3-8E13-A435E946035D}.Release|x86.Build.0 = Release|Any CPU
	EndGlobalSection
	GlobalSection(SolutionProperties) = preSolution
		HideSolutionNode = FALSE
	EndGlobalSection
	GlobalSection(NestedProjects) = preSolution
		{D5EB595C-4D92-404E-ABC8-D6CABE1DBE59} = {827E0CD3-B72D-47B6-A68D-7590B98EB39B}
		{37C5EF1B-B1C4-4AB0-AD82-756B2AC09EA0} = {827E0CD3-B72D-47B6-A68D-7590B98EB39B}
		{A3A909AB-72BD-4A90-BF68-4BB4E4959F5F} = {827E0CD3-B72D-47B6-A68D-7590B98EB39B}
		{0C71D9FF-446A-4AF3-8189-6A3CA14EA05F} = {827E0CD3-B72D-47B6-A68D-7590B98EB39B}
		{91644F7E-2571-4231-9A79-FBDFA41C3C12} = {827E0CD3-B72D-47B6-A68D-7590B98EB39B}
		{F62B3BAF-1D09-4F37-A759-18CAF0A49412} = {827E0CD3-B72D-47B6-A68D-7590B98EB39B}
		{8286379F-2307-45D3-8E13-A435E946035D} = {827E0CD3-B72D-47B6-A68D-7590B98EB39B}
	EndGlobalSection
EndGlobal
