
Microsoft Visual Studio Solution File, Format Version 12.00
# Visual Studio Version 17
VisualStudioVersion = 17.0.31903.59
MinimumVisualStudioVersion = 10.0.40219.1
Project("{2150E333-8FDC-42A3-9474-1A3956D46DE8}") = "src", "src", "{827E0CD3-B72D-47B6-A68D-7590B98EB39B}"
EndProject
Project("{2150E333-8FDC-42A3-9474-1A3956D46DE8}") = "examples", "examples", "{E8C2A6B3-5F1D-4A2C-8E9D-1B3C4D5E6F7A}"
EndProject
Project("{FAE04EC0-301F-11D3-BF4B-00C04F79EFBC}") = "Docling.Core", "src\Docling.Core\Docling.Core.csproj", "{D5EB595C-4D92-404E-ABC8-D6CABE1DBE59}"
EndProject
Project("{FAE04EC0-301F-11D3-BF4B-00C04F79EFBC}") = "Docling.Backends", "src\Docling.Backends\Docling.Backends.csproj", "{37C5EF1B-B1C4-4AB0-AD82-756B2AC09EA0}"
EndProject
Project("{FAE04EC0-301F-11D3-BF4B-00C04F79EFBC}") = "Docling.Export", "src\Docling.Export\Docling.Export.csproj", "{0C71D9FF-446A-4AF3-8189-6A3CA14EA05F}"
EndProject
Project("{FAE04EC0-301F-11D3-BF4B-00C04F79EFBC}") = "DoclingNetSdk", "src\DoclingNetSdk\DoclingNetSdk.csproj", "{A1B2C3D4-E5F6-4A5B-8C9D-0E1F2A3B4C5D}"
EndProject
Project("{FAE04EC0-301F-11D3-BF4B-00C04F79EFBC}") = "Docling.Cli", "src\Docling.Cli\Docling.Cli.csproj", "{C1D2E3F4-A5B6-4C7D-8E9F-0A1B2C3D4E5F}"
EndProject
Project("{FAE04EC0-301F-11D3-BF4B-00C04F79EFBC}") = "BasicUsage", "examples\BasicUsage\BasicUsage.csproj", "{B2C3D4E5-F6A7-4B5C-9D0E-1F2A3B4C5D6E}"
EndProject
Global
	GlobalSection(SolutionConfigurationPlatforms) = preSolution
		Debug|Any CPU = Debug|Any CPU
		Release|Any CPU = Release|Any CPU
	EndGlobalSection
	GlobalSection(ProjectConfigurationPlatforms) = postSolution
		{D5EB595C-4D92-404E-ABC8-D6CABE1DBE59}.Debug|Any CPU.ActiveCfg = Debug|Any CPU
		{D5EB595C-4D92-404E-ABC8-D6CABE1DBE59}.Debug|Any CPU.Build.0 = Debug|Any CPU
		{D5EB595C-4D92-404E-ABC8-D6CABE1DBE59}.Release|Any CPU.ActiveCfg = Release|Any CPU
		{D5EB595C-4D92-404E-ABC8-D6CABE1DBE59}.Release|Any CPU.Build.0 = Release|Any CPU
		{37C5EF1B-B1C4-4AB0-AD82-756B2AC09EA0}.Debug|Any CPU.ActiveCfg = Debug|Any CPU
		{37C5EF1B-B1C4-4AB0-AD82-756B2AC09EA0}.Debug|Any CPU.Build.0 = Debug|Any CPU
		{37C5EF1B-B1C4-4AB0-AD82-756B2AC09EA0}.Release|Any CPU.ActiveCfg = Release|Any CPU
		{37C5EF1B-B1C4-4AB0-AD82-756B2AC09EA0}.Release|Any CPU.Build.0 = Release|Any CPU
		{0C71D9FF-446A-4AF3-8189-6A3CA14EA05F}.Debug|Any CPU.ActiveCfg = Debug|Any CPU
		{0C71D9FF-446A-4AF3-8189-6A3CA14EA05F}.Debug|Any CPU.Build.0 = Debug|Any CPU
		{0C71D9FF-446A-4AF3-8189-6A3CA14EA05F}.Release|Any CPU.ActiveCfg = Release|Any CPU
		{0C71D9FF-446A-4AF3-8189-6A3CA14EA05F}.Release|Any CPU.Build.0 = Release|Any CPU
		{A1B2C3D4-E5F6-4A5B-8C9D-0E1F2A3B4C5D}.Debug|Any CPU.ActiveCfg = Debug|Any CPU
		{A1B2C3D4-E5F6-4A5B-8C9D-0E1F2A3B4C5D}.Debug|Any CPU.Build.0 = Debug|Any CPU
		{A1B2C3D4-E5F6-4A5B-8C9D-0E1F2A3B4C5D}.Release|Any CPU.ActiveCfg = Release|Any CPU
		{A1B2C3D4-E5F6-4A5B-8C9D-0E1F2A3B4C5D}.Release|Any CPU.Build.0 = Release|Any CPU
		{C1D2E3F4-A5B6-4C7D-8E9F-0A1B2C3D4E5F}.Debug|Any CPU.ActiveCfg = Debug|Any CPU
		{C1D2E3F4-A5B6-4C7D-8E9F-0A1B2C3D4E5F}.Debug|Any CPU.Build.0 = Debug|Any CPU
		{C1D2E3F4-A5B6-4C7D-8E9F-0A1B2C3D4E5F}.Release|Any CPU.ActiveCfg = Release|Any CPU
		{C1D2E3F4-A5B6-4C7D-8E9F-0A1B2C3D4E5F}.Release|Any CPU.Build.0 = Release|Any CPU
		{B2C3D4E5-F6A7-4B5C-9D0E-1F2A3B4C5D6E}.Debug|Any CPU.ActiveCfg = Debug|Any CPU
		{B2C3D4E5-F6A7-4B5C-9D0E-1F2A3B4C5D6E}.Debug|Any CPU.Build.0 = Debug|Any CPU
		{B2C3D4E5-F6A7-4B5C-9D0E-1F2A3B4C5D6E}.Release|Any CPU.ActiveCfg = Release|Any CPU
		{B2C3D4E5-F6A7-4B5C-9D0E-1F2A3B4C5D6E}.Release|Any CPU.Build.0 = Release|Any CPU
	EndGlobalSection
	GlobalSection(SolutionProperties) = preSolution
		HideSolutionNode = FALSE
	EndGlobalSection
	GlobalSection(NestedProjects) = preSolution
		{D5EB595C-4D92-404E-ABC8-D6CABE1DBE59} = {827E0CD3-B72D-47B6-A68D-7590B98EB39B}
		{37C5EF1B-B1C4-4AB0-AD82-756B2AC09EA0} = {827E0CD3-B72D-47B6-A68D-7590B98EB39B}
		{0C71D9FF-446A-4AF3-8189-6A3CA14EA05F} = {827E0CD3-B72D-47B6-A68D-7590B98EB39B}
		{A1B2C3D4-E5F6-4A5B-8C9D-0E1F2A3B4C5D} = {827E0CD3-B72D-47B6-A68D-7590B98EB39B}
		{C1D2E3F4-A5B6-4C7D-8E9F-0A1B2C3D4E5F} = {827E0CD3-B72D-47B6-A68D-7590B98EB39B}
		{B2C3D4E5-F6A7-4B5C-9D0E-1F2A3B4C5D6E} = {E8C2A6B3-5F1D-4A2C-8E9D-1B3C4D5E6F7A}
	EndGlobalSection
EndGlobal
